// !$*UTF8*$!
{
	archiveVersion = 1;
	classes = {
	};
	objectVersion = 55;
	objects = {

/* Begin PBXBuildFile section */
		7F2ACF7C274B137B00908854 /* DatabaseManager.swift in Sources */ = {isa = PBXBuildFile; fileRef = 7F2ACF7B274B137B00908854 /* DatabaseManager.swift */; };
		7F326A05276F3FBE004BE6E0 /* ConversationTableViewCell.swift in Sources */ = {isa = PBXBuildFile; fileRef = 7F326A04276F3FBE004BE6E0 /* ConversationTableViewCell.swift */; };
		7F73C7BB27512759008FBCD9 /* ChatViewController.swift in Sources */ = {isa = PBXBuildFile; fileRef = 7F73C7BA27512759008FBCD9 /* ChatViewController.swift */; };
		7F73C7BD27531D62008FBCD9 /* StorageManager.swift in Sources */ = {isa = PBXBuildFile; fileRef = 7F73C7BC27531D62008FBCD9 /* StorageManager.swift */; };
		7F7C71B227410956007EB6E0 /* AppDelegate.swift in Sources */ = {isa = PBXBuildFile; fileRef = 7F7C71B127410956007EB6E0 /* AppDelegate.swift */; };
		7F7C71B427410956007EB6E0 /* SceneDelegate.swift in Sources */ = {isa = PBXBuildFile; fileRef = 7F7C71B327410956007EB6E0 /* SceneDelegate.swift */; };
		7F7C71B627410956007EB6E0 /* ConversationsViewController.swift in Sources */ = {isa = PBXBuildFile; fileRef = 7F7C71B527410956007EB6E0 /* ConversationsViewController.swift */; };
		7F7C71B927410956007EB6E0 /* Main.storyboard in Resources */ = {isa = PBXBuildFile; fileRef = 7F7C71B727410956007EB6E0 /* Main.storyboard */; };
		7F7C71BB2741095D007EB6E0 /* Assets.xcassets in Resources */ = {isa = PBXBuildFile; fileRef = 7F7C71BA2741095D007EB6E0 /* Assets.xcassets */; };
		7F7C71BE2741095D007EB6E0 /* LaunchScreen.storyboard in Resources */ = {isa = PBXBuildFile; fileRef = 7F7C71BC2741095D007EB6E0 /* LaunchScreen.storyboard */; };
		7F7C71CC27410C2C007EB6E0 /* LoginViewController.swift in Sources */ = {isa = PBXBuildFile; fileRef = 7F7C71CB27410C2C007EB6E0 /* LoginViewController.swift */; };
		7F7C71CE27410C3C007EB6E0 /* RegisterViewController.swift in Sources */ = {isa = PBXBuildFile; fileRef = 7F7C71CD27410C3C007EB6E0 /* RegisterViewController.swift */; };
		7F7C71D027410C63007EB6E0 /* PhotoViewerViewController.swift in Sources */ = {isa = PBXBuildFile; fileRef = 7F7C71CF27410C63007EB6E0 /* PhotoViewerViewController.swift */; };
		7F7C71D227410C7A007EB6E0 /* VideoViewerViewController.swift in Sources */ = {isa = PBXBuildFile; fileRef = 7F7C71D127410C7A007EB6E0 /* VideoViewerViewController.swift */; };
		7F7C71D427410C90007EB6E0 /* NewConversationViewController.swift in Sources */ = {isa = PBXBuildFile; fileRef = 7F7C71D327410C90007EB6E0 /* NewConversationViewController.swift */; };
		7F7C71D627410CA7007EB6E0 /* ProfileViewController.swift in Sources */ = {isa = PBXBuildFile; fileRef = 7F7C71D527410CA7007EB6E0 /* ProfileViewController.swift */; };
		7F7C71D927411145007EB6E0 /* Extentions.swift in Sources */ = {isa = PBXBuildFile; fileRef = 7F7C71D827411145007EB6E0 /* Extentions.swift */; };
		7F7C71DB27416EFB007EB6E0 /* GoogleService-Info.plist in Resources */ = {isa = PBXBuildFile; fileRef = 7F7C71DA27416EFB007EB6E0 /* GoogleService-Info.plist */; };
		F7DF619AACFEF8ACBB546B8D /* Pods_Messenger.framework in Frameworks */ = {isa = PBXBuildFile; fileRef = 6A91E6D499BE0C612A5EFF98 /* Pods_Messenger.framework */; };
/* End PBXBuildFile section */

/* Begin PBXFileReference section */
		597DF68E77E5388F81D226C6 /* Pods-Messenger.debug.xcconfig */ = {isa = PBXFileReference; includeInIndex = 1; lastKnownFileType = text.xcconfig; name = "Pods-Messenger.debug.xcconfig"; path = "Target Support Files/Pods-Messenger/Pods-Messenger.debug.xcconfig"; sourceTree = "<group>"; };
		6A91E6D499BE0C612A5EFF98 /* Pods_Messenger.framework */ = {isa = PBXFileReference; explicitFileType = wrapper.framework; includeInIndex = 0; path = Pods_Messenger.framework; sourceTree = BUILT_PRODUCTS_DIR; };
		6A98519315A0B1E5B5AC48CF /* Pods-Messenger.release.xcconfig */ = {isa = PBXFileReference; includeInIndex = 1; lastKnownFileType = text.xcconfig; name = "Pods-Messenger.release.xcconfig"; path = "Target Support Files/Pods-Messenger/Pods-Messenger.release.xcconfig"; sourceTree = "<group>"; };
		7F2ACF7B274B137B00908854 /* DatabaseManager.swift */ = {isa = PBXFileReference; lastKnownFileType = sourcecode.swift; path = DatabaseManager.swift; sourceTree = "<group>"; };
		7F326A04276F3FBE004BE6E0 /* ConversationTableViewCell.swift */ = {isa = PBXFileReference; lastKnownFileType = sourcecode.swift; path = ConversationTableViewCell.swift; sourceTree = "<group>"; };
		7F73C7BA27512759008FBCD9 /* ChatViewController.swift */ = {isa = PBXFileReference; lastKnownFileType = sourcecode.swift; path = ChatViewController.swift; sourceTree = "<group>"; };
		7F73C7BC27531D62008FBCD9 /* StorageManager.swift */ = {isa = PBXFileReference; lastKnownFileType = sourcecode.swift; path = StorageManager.swift; sourceTree = "<group>"; };
		7F7C71AE27410956007EB6E0 /* Messenger.app */ = {isa = PBXFileReference; explicitFileType = wrapper.application; includeInIndex = 0; path = Messenger.app; sourceTree = BUILT_PRODUCTS_DIR; };
		7F7C71B127410956007EB6E0 /* AppDelegate.swift */ = {isa = PBXFileReference; lastKnownFileType = sourcecode.swift; path = AppDelegate.swift; sourceTree = "<group>"; };
		7F7C71B327410956007EB6E0 /* SceneDelegate.swift */ = {isa = PBXFileReference; lastKnownFileType = sourcecode.swift; path = SceneDelegate.swift; sourceTree = "<group>"; };
		7F7C71B527410956007EB6E0 /* ConversationsViewController.swift */ = {isa = PBXFileReference; lastKnownFileType = sourcecode.swift; path = ConversationsViewController.swift; sourceTree = "<group>"; };
		7F7C71B827410956007EB6E0 /* Base */ = {isa = PBXFileReference; lastKnownFileType = file.storyboard; name = Base; path = Base.lproj/Main.storyboard; sourceTree = "<group>"; };
		7F7C71BA2741095D007EB6E0 /* Assets.xcassets */ = {isa = PBXFileReference; lastKnownFileType = folder.assetcatalog; path = Assets.xcassets; sourceTree = "<group>"; };
		7F7C71BD2741095D007EB6E0 /* Base */ = {isa = PBXFileReference; lastKnownFileType = file.storyboard; name = Base; path = Base.lproj/LaunchScreen.storyboard; sourceTree = "<group>"; };
		7F7C71BF2741095D007EB6E0 /* Info.plist */ = {isa = PBXFileReference; lastKnownFileType = text.plist.xml; path = Info.plist; sourceTree = "<group>"; };
		7F7C71CB27410C2C007EB6E0 /* LoginViewController.swift */ = {isa = PBXFileReference; lastKnownFileType = sourcecode.swift; path = LoginViewController.swift; sourceTree = "<group>"; };
		7F7C71CD27410C3C007EB6E0 /* RegisterViewController.swift */ = {isa = PBXFileReference; lastKnownFileType = sourcecode.swift; path = RegisterViewController.swift; sourceTree = "<group>"; };
		7F7C71CF27410C63007EB6E0 /* PhotoViewerViewController.swift */ = {isa = PBXFileReference; lastKnownFileType = sourcecode.swift; path = PhotoViewerViewController.swift; sourceTree = "<group>"; };
		7F7C71D127410C7A007EB6E0 /* VideoViewerViewController.swift */ = {isa = PBXFileReference; lastKnownFileType = sourcecode.swift; path = VideoViewerViewController.swift; sourceTree = "<group>"; };
		7F7C71D327410C90007EB6E0 /* NewConversationViewController.swift */ = {isa = PBXFileReference; lastKnownFileType = sourcecode.swift; path = NewConversationViewController.swift; sourceTree = "<group>"; };
		7F7C71D527410CA7007EB6E0 /* ProfileViewController.swift */ = {isa = PBXFileReference; lastKnownFileType = sourcecode.swift; path = ProfileViewController.swift; sourceTree = "<group>"; };
		7F7C71D827411145007EB6E0 /* Extentions.swift */ = {isa = PBXFileReference; lastKnownFileType = sourcecode.swift; path = Extentions.swift; sourceTree = "<group>"; };
		7F7C71DA27416EFB007EB6E0 /* GoogleService-Info.plist */ = {isa = PBXFileReference; fileEncoding = 4; lastKnownFileType = text.plist.xml; name = "GoogleService-Info.plist"; path = "../../../../Downloads/GoogleService-Info.plist"; sourceTree = "<group>"; };
/* End PBXFileReference section */

/* Begin PBXFrameworksBuildPhase section */
		7F7C71AB27410956007EB6E0 /* Frameworks */ = {
			isa = PBXFrameworksBuildPhase;
			buildActionMask = 2147483647;
			files = (
				F7DF619AACFEF8ACBB546B8D /* Pods_Messenger.framework in Frameworks */,
			);
			runOnlyForDeploymentPostprocessing = 0;
		};
/* End PBXFrameworksBuildPhase section */

/* Begin PBXGroup section */
		017D63AFE76F2586F278CC21 /* Pods */ = {
			isa = PBXGroup;
			children = (
				597DF68E77E5388F81D226C6 /* Pods-Messenger.debug.xcconfig */,
				6A98519315A0B1E5B5AC48CF /* Pods-Messenger.release.xcconfig */,
			);
			path = Pods;
			sourceTree = "<group>";
		};
		7F7C71A527410956007EB6E0 = {
			isa = PBXGroup;
			children = (
				7F7C71B027410956007EB6E0 /* Messenger */,
				7F7C71AF27410956007EB6E0 /* Products */,
				017D63AFE76F2586F278CC21 /* Pods */,
				BEC2DC62C015DAC462829DC9 /* Frameworks */,
			);
			sourceTree = "<group>";
		};
		7F7C71AF27410956007EB6E0 /* Products */ = {
			isa = PBXGroup;
			children = (
				7F7C71AE27410956007EB6E0 /* Messenger.app */,
			);
			name = Products;
			sourceTree = "<group>";
		};
		7F7C71B027410956007EB6E0 /* Messenger */ = {
			isa = PBXGroup;
			children = (
				7F7C71DA27416EFB007EB6E0 /* GoogleService-Info.plist */,
				7F7C71C627410A9B007EB6E0 /* Models */,
				7F7C71C727410AA5007EB6E0 /* Resources */,
				7F7C71C927410AB9007EB6E0 /* ViewModels */,
				7F7C71C827410AAE007EB6E0 /* Views */,
				7F7C71C527410A89007EB6E0 /* Controllers */,
				7F7C71BF2741095D007EB6E0 /* Info.plist */,
			);
			path = Messenger;
			sourceTree = "<group>";
		};
		7F7C71C527410A89007EB6E0 /* Controllers */ = {
			isa = PBXGroup;
			children = (
				7F7C71B527410956007EB6E0 /* ConversationsViewController.swift */,
				7F7C71D727410D7F007EB6E0 /* Login */,
				7F7C71CF27410C63007EB6E0 /* PhotoViewerViewController.swift */,
				7F7C71D127410C7A007EB6E0 /* VideoViewerViewController.swift */,
				7F7C71D327410C90007EB6E0 /* NewConversationViewController.swift */,
				7F7C71D527410CA7007EB6E0 /* ProfileViewController.swift */,
				7F73C7BA27512759008FBCD9 /* ChatViewController.swift */,
			);
			path = Controllers;
			sourceTree = "<group>";
		};
		7F7C71C627410A9B007EB6E0 /* Models */ = {
			isa = PBXGroup;
			children = (
			);
			path = Models;
			sourceTree = "<group>";
		};
		7F7C71C727410AA5007EB6E0 /* Resources */ = {
			isa = PBXGroup;
			children = (
				7F7C71B127410956007EB6E0 /* AppDelegate.swift */,
				7F7C71B327410956007EB6E0 /* SceneDelegate.swift */,
				7F7C71D827411145007EB6E0 /* Extentions.swift */,
				7F2ACF7B274B137B00908854 /* DatabaseManager.swift */,
				7F73C7BC27531D62008FBCD9 /* StorageManager.swift */,
			);
			path = Resources;
			sourceTree = "<group>";
		};
		7F7C71C827410AAE007EB6E0 /* Views */ = {
			isa = PBXGroup;
			children = (
				7F7C71CA27410B0D007EB6E0 /* Storyboards */,
				7F7C71BA2741095D007EB6E0 /* Assets.xcassets */,
				7F326A04276F3FBE004BE6E0 /* ConversationTableViewCell.swift */,
			);
			path = Views;
			sourceTree = "<group>";
		};
		7F7C71C927410AB9007EB6E0 /* ViewModels */ = {
			isa = PBXGroup;
			children = (
			);
			path = ViewModels;
			sourceTree = "<group>";
		};
		7F7C71CA27410B0D007EB6E0 /* Storyboards */ = {
			isa = PBXGroup;
			children = (
				7F7C71BC2741095D007EB6E0 /* LaunchScreen.storyboard */,
				7F7C71B727410956007EB6E0 /* Main.storyboard */,
			);
			path = Storyboards;
			sourceTree = "<group>";
		};
		7F7C71D727410D7F007EB6E0 /* Login */ = {
			isa = PBXGroup;
			children = (
				7F7C71CB27410C2C007EB6E0 /* LoginViewController.swift */,
				7F7C71CD27410C3C007EB6E0 /* RegisterViewController.swift */,
			);
			path = Login;
			sourceTree = "<group>";
		};
		BEC2DC62C015DAC462829DC9 /* Frameworks */ = {
			isa = PBXGroup;
			children = (
				6A91E6D499BE0C612A5EFF98 /* Pods_Messenger.framework */,
			);
			name = Frameworks;
			sourceTree = "<group>";
		};
/* End PBXGroup section */

/* Begin PBXNativeTarget section */
		7F7C71AD27410956007EB6E0 /* Messenger */ = {
			isa = PBXNativeTarget;
			buildConfigurationList = 7F7C71C22741095D007EB6E0 /* Build configuration list for PBXNativeTarget "Messenger" */;
			buildPhases = (
				232136E02071B2DEC960FB61 /* [CP] Check Pods Manifest.lock */,
				7F7C71AA27410956007EB6E0 /* Sources */,
				7F7C71AB27410956007EB6E0 /* Frameworks */,
				7F7C71AC27410956007EB6E0 /* Resources */,
				066BF30136E05907931AF946 /* [CP] Embed Pods Frameworks */,
				C2F2D7BB0BEE50F372B3F9DB /* [CP] Copy Pods Resources */,
			);
			buildRules = (
			);
			dependencies = (
			);
			name = Messenger;
			productName = Messenger;
			productReference = 7F7C71AE27410956007EB6E0 /* Messenger.app */;
			productType = "com.apple.product-type.application";
		};
/* End PBXNativeTarget section */

/* Begin PBXProject section */
		7F7C71A627410956007EB6E0 /* Project object */ = {
			isa = PBXProject;
			attributes = {
				BuildIndependentTargetsInParallel = 1;
				LastSwiftUpdateCheck = 1310;
				LastUpgradeCheck = 1310;
				TargetAttributes = {
					7F7C71AD27410956007EB6E0 = {
						CreatedOnToolsVersion = 13.1;
					};
				};
			};
			buildConfigurationList = 7F7C71A927410956007EB6E0 /* Build configuration list for PBXProject "Messenger" */;
			compatibilityVersion = "Xcode 13.0";
			developmentRegion = en;
			hasScannedForEncodings = 0;
			knownRegions = (
				en,
				Base,
			);
			mainGroup = 7F7C71A527410956007EB6E0;
			productRefGroup = 7F7C71AF27410956007EB6E0 /* Products */;
			projectDirPath = "";
			projectRoot = "";
			targets = (
				7F7C71AD27410956007EB6E0 /* Messenger */,
			);
		};
/* End PBXProject section */

/* Begin PBXResourcesBuildPhase section */
		7F7C71AC27410956007EB6E0 /* Resources */ = {
			isa = PBXResourcesBuildPhase;
			buildActionMask = 2147483647;
			files = (
				7F7C71BE2741095D007EB6E0 /* LaunchScreen.storyboard in Resources */,
				7F7C71DB27416EFB007EB6E0 /* GoogleService-Info.plist in Resources */,
				7F7C71BB2741095D007EB6E0 /* Assets.xcassets in Resources */,
				7F7C71B927410956007EB6E0 /* Main.storyboard in Resources */,
			);
			runOnlyForDeploymentPostprocessing = 0;
		};
/* End PBXResourcesBuildPhase section */

/* Begin PBXShellScriptBuildPhase section */
		066BF30136E05907931AF946 /* [CP] Embed Pods Frameworks */ = {
			isa = PBXShellScriptBuildPhase;
			buildActionMask = 2147483647;
			files = (
			);
			inputFileListPaths = (
				"${PODS_ROOT}/Target Support Files/Pods-Messenger/Pods-Messenger-frameworks-${CONFIGURATION}-input-files.xcfilelist",
			);
			name = "[CP] Embed Pods Frameworks";
			outputFileListPaths = (
				"${PODS_ROOT}/Target Support Files/Pods-Messenger/Pods-Messenger-frameworks-${CONFIGURATION}-output-files.xcfilelist",
			);
			runOnlyForDeploymentPostprocessing = 0;
			shellPath = /bin/sh;
			shellScript = "\"${PODS_ROOT}/Target Support Files/Pods-Messenger/Pods-Messenger-frameworks.sh\"\n";
			showEnvVarsInLog = 0;
		};
		232136E02071B2DEC960FB61 /* [CP] Check Pods Manifest.lock */ = {
			isa = PBXShellScriptBuildPhase;
			buildActionMask = 2147483647;
			files = (
			);
			inputFileListPaths = (
			);
			inputPaths = (
				"${PODS_PODFILE_DIR_PATH}/Podfile.lock",
				"${PODS_ROOT}/Manifest.lock",
			);
			name = "[CP] Check Pods Manifest.lock";
			outputFileListPaths = (
			);
			outputPaths = (
				"$(DERIVED_FILE_DIR)/Pods-Messenger-checkManifestLockResult.txt",
			);
			runOnlyForDeploymentPostprocessing = 0;
			shellPath = /bin/sh;
			shellScript = "diff \"${PODS_PODFILE_DIR_PATH}/Podfile.lock\" \"${PODS_ROOT}/Manifest.lock\" > /dev/null\nif [ $? != 0 ] ; then\n    # print error to STDERR\n    echo \"error: The sandbox is not in sync with the Podfile.lock. Run 'pod install' or update your CocoaPods installation.\" >&2\n    exit 1\nfi\n# This output is used by Xcode 'outputs' to avoid re-running this script phase.\necho \"SUCCESS\" > \"${SCRIPT_OUTPUT_FILE_0}\"\n";
			showEnvVarsInLog = 0;
		};
		C2F2D7BB0BEE50F372B3F9DB /* [CP] Copy Pods Resources */ = {
			isa = PBXShellScriptBuildPhase;
			buildActionMask = 2147483647;
			files = (
			);
			inputFileListPaths = (
				"${PODS_ROOT}/Target Support Files/Pods-Messenger/Pods-Messenger-resources-${CONFIGURATION}-input-files.xcfilelist",
			);
			name = "[CP] Copy Pods Resources";
			outputFileListPaths = (
				"${PODS_ROOT}/Target Support Files/Pods-Messenger/Pods-Messenger-resources-${CONFIGURATION}-output-files.xcfilelist",
			);
			runOnlyForDeploymentPostprocessing = 0;
			shellPath = /bin/sh;
			shellScript = "\"${PODS_ROOT}/Target Support Files/Pods-Messenger/Pods-Messenger-resources.sh\"\n";
			showEnvVarsInLog = 0;
		};
/* End PBXShellScriptBuildPhase section */

/* Begin PBXSourcesBuildPhase section */
		7F7C71AA27410956007EB6E0 /* Sources */ = {
			isa = PBXSourcesBuildPhase;
			buildActionMask = 2147483647;
			files = (
				7F7C71CC27410C2C007EB6E0 /* LoginViewController.swift in Sources */,
				7F2ACF7C274B137B00908854 /* DatabaseManager.swift in Sources */,
				7F7C71D227410C7A007EB6E0 /* VideoViewerViewController.swift in Sources */,
				7F7C71D927411145007EB6E0 /* Extentions.swift in Sources */,
				7F7C71D427410C90007EB6E0 /* NewConversationViewController.swift in Sources */,
				7F7C71CE27410C3C007EB6E0 /* RegisterViewController.swift in Sources */,
				7F7C71B627410956007EB6E0 /* ConversationsViewController.swift in Sources */,
				7F7C71B227410956007EB6E0 /* AppDelegate.swift in Sources */,
				7F7C71D627410CA7007EB6E0 /* ProfileViewController.swift in Sources */,
				7F7C71B427410956007EB6E0 /* SceneDelegate.swift in Sources */,
				7F326A05276F3FBE004BE6E0 /* ConversationTableViewCell.swift in Sources */,
				7F73C7BB27512759008FBCD9 /* ChatViewController.swift in Sources */,
				7F7C71D027410C63007EB6E0 /* PhotoViewerViewController.swift in Sources */,
				7F73C7BD27531D62008FBCD9 /* StorageManager.swift in Sources */,
			);
			runOnlyForDeploymentPostprocessing = 0;
		};
/* End PBXSourcesBuildPhase section */

/* Begin PBXVariantGroup section */
		7F7C71B727410956007EB6E0 /* Main.storyboard */ = {
			isa = PBXVariantGroup;
			children = (
				7F7C71B827410956007EB6E0 /* Base */,
			);
			name = Main.storyboard;
			sourceTree = "<group>";
		};
		7F7C71BC2741095D007EB6E0 /* LaunchScreen.storyboard */ = {
			isa = PBXVariantGroup;
			children = (
				7F7C71BD2741095D007EB6E0 /* Base */,
			);
			name = LaunchScreen.storyboard;
			sourceTree = "<group>";
		};
/* End PBXVariantGroup section */

/* Begin XCBuildConfiguration section */
		7F7C71C02741095D007EB6E0 /* Debug */ = {
			isa = XCBuildConfiguration;
			buildSettings = {
				ALWAYS_SEARCH_USER_PATHS = NO;
				CLANG_ANALYZER_NONNULL = YES;
				CLANG_ANALYZER_NUMBER_OBJECT_CONVERSION = YES_AGGRESSIVE;
				CLANG_CXX_LANGUAGE_STANDARD = "gnu++17";
				CLANG_CXX_LIBRARY = "libc++";
				CLANG_ENABLE_MODULES = YES;
				CLANG_ENABLE_OBJC_ARC = YES;
				CLANG_ENABLE_OBJC_WEAK = YES;
				CLANG_WARN_BLOCK_CAPTURE_AUTORELEASING = YES;
				CLANG_WARN_BOOL_CONVERSION = YES;
				CLANG_WARN_COMMA = YES;
				CLANG_WARN_CONSTANT_CONVERSION = YES;
				CLANG_WARN_DEPRECATED_OBJC_IMPLEMENTATIONS = YES;
				CLANG_WARN_DIRECT_OBJC_ISA_USAGE = YES_ERROR;
				CLANG_WARN_DOCUMENTATION_COMMENTS = YES;
				CLANG_WARN_EMPTY_BODY = YES;
				CLANG_WARN_ENUM_CONVERSION = YES;
				CLANG_WARN_INFINITE_RECURSION = YES;
				CLANG_WARN_INT_CONVERSION = YES;
				CLANG_WARN_NON_LITERAL_NULL_CONVERSION = YES;
				CLANG_WARN_OBJC_IMPLICIT_RETAIN_SELF = YES;
				CLANG_WARN_OBJC_LITERAL_CONVERSION = YES;
				CLANG_WARN_OBJC_ROOT_CLASS = YES_ERROR;
				CLANG_WARN_QUOTED_INCLUDE_IN_FRAMEWORK_HEADER = YES;
				CLANG_WARN_RANGE_LOOP_ANALYSIS = YES;
				CLANG_WARN_STRICT_PROTOTYPES = YES;
				CLANG_WARN_SUSPICIOUS_MOVE = YES;
				CLANG_WARN_UNGUARDED_AVAILABILITY = YES_AGGRESSIVE;
				CLANG_WARN_UNREACHABLE_CODE = YES;
				CLANG_WARN__DUPLICATE_METHOD_MATCH = YES;
				COPY_PHASE_STRIP = NO;
				DEBUG_INFORMATION_FORMAT = dwarf;
				ENABLE_STRICT_OBJC_MSGSEND = YES;
				ENABLE_TESTABILITY = YES;
				GCC_C_LANGUAGE_STANDARD = gnu11;
				GCC_DYNAMIC_NO_PIC = NO;
				GCC_NO_COMMON_BLOCKS = YES;
				GCC_OPTIMIZATION_LEVEL = 0;
				GCC_PREPROCESSOR_DEFINITIONS = (
					"DEBUG=1",
					"$(inherited)",
				);
				GCC_WARN_64_TO_32_BIT_CONVERSION = YES;
				GCC_WARN_ABOUT_RETURN_TYPE = YES_ERROR;
				GCC_WARN_UNDECLARED_SELECTOR = YES;
				GCC_WARN_UNINITIALIZED_AUTOS = YES_AGGRESSIVE;
				GCC_WARN_UNUSED_FUNCTION = YES;
				GCC_WARN_UNUSED_VARIABLE = YES;
				IPHONEOS_DEPLOYMENT_TARGET = 15.0;
				MTL_ENABLE_DEBUG_INFO = INCLUDE_SOURCE;
				MTL_FAST_MATH = YES;
				ONLY_ACTIVE_ARCH = YES;
				SDKROOT = iphoneos;
				SWIFT_ACTIVE_COMPILATION_CONDITIONS = DEBUG;
				SWIFT_OPTIMIZATION_LEVEL = "-Onone";
			};
			name = Debug;
		};
		7F7C71C12741095D007EB6E0 /* Release */ = {
			isa = XCBuildConfiguration;
			buildSettings = {
				ALWAYS_SEARCH_USER_PATHS = NO;
				CLANG_ANALYZER_NONNULL = YES;
				CLANG_ANALYZER_NUMBER_OBJECT_CONVERSION = YES_AGGRESSIVE;
				CLANG_CXX_LANGUAGE_STANDARD = "gnu++17";
				CLANG_CXX_LIBRARY = "libc++";
				CLANG_ENABLE_MODULES = YES;
				CLANG_ENABLE_OBJC_ARC = YES;
				CLANG_ENABLE_OBJC_WEAK = YES;
				CLANG_WARN_BLOCK_CAPTURE_AUTORELEASING = YES;
				CLANG_WARN_BOOL_CONVERSION = YES;
				CLANG_WARN_COMMA = YES;
				CLANG_WARN_CONSTANT_CONVERSION = YES;
				CLANG_WARN_DEPRECATED_OBJC_IMPLEMENTATIONS = YES;
				CLANG_WARN_DIRECT_OBJC_ISA_USAGE = YES_ERROR;
				CLANG_WARN_DOCUMENTATION_COMMENTS = YES;
				CLANG_WARN_EMPTY_BODY = YES;
				CLANG_WARN_ENUM_CONVERSION = YES;
				CLANG_WARN_INFINITE_RECURSION = YES;
				CLANG_WARN_INT_CONVERSION = YES;
				CLANG_WARN_NON_LITERAL_NULL_CONVERSION = YES;
				CLANG_WARN_OBJC_IMPLICIT_RETAIN_SELF = YES;
				CLANG_WARN_OBJC_LITERAL_CONVERSION = YES;
				CLANG_WARN_OBJC_ROOT_CLASS = YES_ERROR;
				CLANG_WARN_QUOTED_INCLUDE_IN_FRAMEWORK_HEADER = YES;
				CLANG_WARN_RANGE_LOOP_ANALYSIS = YES;
				CLANG_WARN_STRICT_PROTOTYPES = YES;
				CLANG_WARN_SUSPICIOUS_MOVE = YES;
				CLANG_WARN_UNGUARDED_AVAILABILITY = YES_AGGRESSIVE;
				CLANG_WARN_UNREACHABLE_CODE = YES;
				CLANG_WARN__DUPLICATE_METHOD_MATCH = YES;
				COPY_PHASE_STRIP = NO;
				DEBUG_INFORMATION_FORMAT = "dwarf-with-dsym";
				ENABLE_NS_ASSERTIONS = NO;
				ENABLE_STRICT_OBJC_MSGSEND = YES;
				GCC_C_LANGUAGE_STANDARD = gnu11;
				GCC_NO_COMMON_BLOCKS = YES;
				GCC_WARN_64_TO_32_BIT_CONVERSION = YES;
				GCC_WARN_ABOUT_RETURN_TYPE = YES_ERROR;
				GCC_WARN_UNDECLARED_SELECTOR = YES;
				GCC_WARN_UNINITIALIZED_AUTOS = YES_AGGRESSIVE;
				GCC_WARN_UNUSED_FUNCTION = YES;
				GCC_WARN_UNUSED_VARIABLE = YES;
				IPHONEOS_DEPLOYMENT_TARGET = 15.0;
				MTL_ENABLE_DEBUG_INFO = NO;
				MTL_FAST_MATH = YES;
				SDKROOT = iphoneos;
				SWIFT_COMPILATION_MODE = wholemodule;
				SWIFT_OPTIMIZATION_LEVEL = "-O";
				VALIDATE_PRODUCT = YES;
			};
			name = Release;
		};
		7F7C71C32741095D007EB6E0 /* Debug */ = {
			isa = XCBuildConfiguration;
			baseConfigurationReference = 597DF68E77E5388F81D226C6 /* Pods-Messenger.debug.xcconfig */;
			buildSettings = {
				ASSETCATALOG_COMPILER_APPICON_NAME = AppIcon;
				ASSETCATALOG_COMPILER_GLOBAL_ACCENT_COLOR_NAME = AccentColor;
				CODE_SIGN_STYLE = Automatic;
				CURRENT_PROJECT_VERSION = 1;
				DEVELOPMENT_TEAM = ZQQANHR9MJ;
				GENERATE_INFOPLIST_FILE = YES;
				INFOPLIST_FILE = Messenger/Info.plist;
				INFOPLIST_KEY_NSCameraUsageDescription = "Please allow access to take a profile picture";
				INFOPLIST_KEY_NSPhotoLibraryAddUsageDescription = "Please allow access to select a photot for your profile";
				INFOPLIST_KEY_UIApplicationSupportsIndirectInputEvents = YES;
				INFOPLIST_KEY_UILaunchStoryboardName = LaunchScreen;
				INFOPLIST_KEY_UIMainStoryboardFile = Main;
				INFOPLIST_KEY_UISupportedInterfaceOrientations = UIInterfaceOrientationPortrait;
				INFOPLIST_KEY_UISupportedInterfaceOrientations_iPad = "UIInterfaceOrientationPortrait UIInterfaceOrientationPortraitUpsideDown UIInterfaceOrientationLandscapeLeft UIInterfaceOrientationLandscapeRight";
				INFOPLIST_KEY_UISupportedInterfaceOrientations_iPhone = "UIInterfaceOrientationPortrait UIInterfaceOrientationLandscapeLeft UIInterfaceOrientationLandscapeRight";
				IPHONEOS_DEPLOYMENT_TARGET = 13.5;
				LD_RUNPATH_SEARCH_PATHS = (
					"$(inherited)",
					"@executable_path/Frameworks",
				);
				MARKETING_VERSION = 1.0;
				PRODUCT_BUNDLE_IDENTIFIER = com.gmail.iida19990106.Messenger;
				PRODUCT_NAME = "$(TARGET_NAME)";
				SWIFT_EMIT_LOC_STRINGS = YES;
				SWIFT_VERSION = 5.0;
				TARGETED_DEVICE_FAMILY = "1,2";
			};
			name = Debug;
		};
		7F7C71C42741095D007EB6E0 /* Release */ = {
			isa = XCBuildConfiguration;
			baseConfigurationReference = 6A98519315A0B1E5B5AC48CF /* Pods-Messenger.release.xcconfig */;
			buildSettings = {
				ASSETCATALOG_COMPILER_APPICON_NAME = AppIcon;
				ASSETCATALOG_COMPILER_GLOBAL_ACCENT_COLOR_NAME = AccentColor;
				CODE_SIGN_STYLE = Automatic;
				CURRENT_PROJECT_VERSION = 1;
				DEVELOPMENT_TEAM = ZQQANHR9MJ;
				GENERATE_INFOPLIST_FILE = YES;
				INFOPLIST_FILE = Messenger/Info.plist;
				INFOPLIST_KEY_NSCameraUsageDescription = "Please allow access to take a profile picture";
				INFOPLIST_KEY_NSPhotoLibraryAddUsageDescription = "Please allow access to select a photot for your profile";
				INFOPLIST_KEY_UIApplicationSupportsIndirectInputEvents = YES;
				INFOPLIST_KEY_UILaunchStoryboardName = LaunchScreen;
				INFOPLIST_KEY_UIMainStoryboardFile = Main;
				INFOPLIST_KEY_UISupportedInterfaceOrientations = UIInterfaceOrientationPortrait;
				INFOPLIST_KEY_UISupportedInterfaceOrientations_iPad = "UIInterfaceOrientationPortrait UIInterfaceOrientationPortraitUpsideDown UIInterfaceOrientationLandscapeLeft UIInterfaceOrientationLandscapeRight";
				INFOPLIST_KEY_UISupportedInterfaceOrientations_iPhone = "UIInterfaceOrientationPortrait UIInterfaceOrientationLandscapeLeft UIInterfaceOrientationLandscapeRight";
				IPHONEOS_DEPLOYMENT_TARGET = 13.5;
				LD_RUNPATH_SEARCH_PATHS = (
					"$(inherited)",
					"@executable_path/Frameworks",
				);
				MARKETING_VERSION = 1.0;
				PRODUCT_BUNDLE_IDENTIFIER = com.gmail.iida19990106.Messenger;
				PRODUCT_NAME = "$(TARGET_NAME)";
				SWIFT_EMIT_LOC_STRINGS = YES;
				SWIFT_VERSION = 5.0;
				TARGETED_DEVICE_FAMILY = "1,2";
			};
			name = Release;
		};
/* End XCBuildConfiguration section */

/* Begin XCConfigurationList section */
		7F7C71A927410956007EB6E0 /* Build configuration list for PBXProject "Messenger" */ = {
			isa = XCConfigurationList;
			buildConfigurations = (
				7F7C71C02741095D007EB6E0 /* Debug */,
				7F7C71C12741095D007EB6E0 /* Release */,
			);
			defaultConfigurationIsVisible = 0;
			defaultConfigurationName = Release;
		};
		7F7C71C22741095D007EB6E0 /* Build configuration list for PBXNativeTarget "Messenger" */ = {
			isa = XCConfigurationList;
			buildConfigurations = (
				7F7C71C32741095D007EB6E0 /* Debug */,
				7F7C71C42741095D007EB6E0 /* Release */,
			);
			defaultConfigurationIsVisible = 0;
			defaultConfigurationName = Release;
		};
/* End XCConfigurationList section */
	};
	rootObject = 7F7C71A627410956007EB6E0 /* Project object */;
}
